{
	"name": "prototype",
	"version": "0.4.8",
	"lockfileVersion": 2,
	"requires": true,
	"packages": {
		"": {
			"version": "0.4.8",
			"license": "MIT",
			"dependencies": {
				"immutable": "^3.8.2",
				"markdown-it": "^8.4.2",
				"punycode": "^2.1.1",
				"react": "^17.0.2",
				"react-dom": "^17.0.2",
				"slate": "^0.47.4",
				"slate-react": "^0.22.4"
			},
			"devDependencies": {
				"esbuild": "^0.12.15",
				"typescript": "^4.3.5"
			}
		},
		"node_modules/argparse": {
			"version": "1.0.10",
			"resolved": "https://registry.npmjs.org/argparse/-/argparse-1.0.10.tgz",
			"integrity": "sha512-o5Roy6tNG4SL/FOkCAN6RzjiakZS25RLYFrcMttJqbdd8BWrnA+fGz57iN5Pb06pvBGvl5gQ0B48dJlslXvoTg==",
			"dependencies": {
				"sprintf-js": "~1.0.2"
			}
		},
		"node_modules/direction": {
			"version": "0.1.5",
			"resolved": "https://registry.npmjs.org/direction/-/direction-0.1.5.tgz",
			"integrity": "sha1-zl15f5fib4vnvv9T99xA4cGp7Ew=",
			"bin": {
				"direction": "cli.js"
			}
		},
		"node_modules/entities": {
			"version": "1.1.2",
			"resolved": "https://registry.npmjs.org/entities/-/entities-1.1.2.tgz",
			"integrity": "sha512-f2LZMYl1Fzu7YSBKg+RoROelpOaNrcGmE9AZubeDfrCEia483oW4MI4VyFd5VNHIgQ/7qm1I0wUHK1eJnn2y2w=="
		},
		"node_modules/esbuild": {
			"version": "0.12.19",
			"resolved": "https://registry.npmjs.org/esbuild/-/esbuild-0.12.19.tgz",
			"integrity": "sha512-5NuT1G6THW7l3fsSCDkcPepn24R0XtyPjKoqKHD8LfhqMXzCdz0mrS9HgO6hIhzVT7zt0T+JGbzCqF5AH8hS9w==",
			"dev": true,
			"hasInstallScript": true,
			"bin": {
				"esbuild": "bin/esbuild"
			}
		},
		"node_modules/esrever": {
			"version": "0.2.0",
			"resolved": "https://registry.npmjs.org/esrever/-/esrever-0.2.0.tgz",
			"integrity": "sha1-lunSj08bGnZ4TNXUkOquAQ50B7g=",
			"bin": {
				"esrever": "bin/esrever"
			}
		},
		"node_modules/get-document": {
			"version": "1.0.0",
			"resolved": "https://registry.npmjs.org/get-document/-/get-document-1.0.0.tgz",
			"integrity": "sha1-SCG85m8cJMsDMWAr5strEsTwHEs="
		},
		"node_modules/get-window": {
			"version": "1.1.2",
			"resolved": "https://registry.npmjs.org/get-window/-/get-window-1.1.2.tgz",
			"integrity": "sha512-yjWpFcy9fjhLQHW1dPtg9ga4pmizLY8y4ZSHdGrAQ1NU277MRhnGnnLPxe19X8W5lWVsCZz++5xEuNozWMVmTw==",
			"dependencies": {
				"get-document": "1"
			}
		},
		"node_modules/immutable": {
			"version": "3.8.2",
			"resolved": "https://registry.npmjs.org/immutable/-/immutable-3.8.2.tgz",
			"integrity": "sha1-wkOZUUVbs5kT2vKBN28VMOEErfM=",
			"engines": {
				"node": ">=0.10.0"
			}
		},
		"node_modules/invariant": {
			"version": "2.2.4",
			"resolved": "https://registry.npmjs.org/invariant/-/invariant-2.2.4.tgz",
			"integrity": "sha512-phJfQVBuaJM5raOpJjSfkiD6BpbCE4Ns//LaXl6wGYtUBY83nWS6Rf9tXm2e8VaK60JEjYldbPif/A2B1C2gNA==",
			"dependencies": {
				"loose-envify": "^1.0.0"
			}
		},
		"node_modules/is-hotkey": {
			"version": "0.1.4",
			"resolved": "https://registry.npmjs.org/is-hotkey/-/is-hotkey-0.1.4.tgz",
			"integrity": "sha512-Py+aW4r5mBBY18TGzGz286/gKS+fCQ0Hee3qkaiSmEPiD0PqFpe0wuA3l7rTOUKyeXl8Mxf3XzJxIoTlSv+kxA=="
		},
		"node_modules/is-in-browser": {
			"version": "1.1.3",
			"resolved": "https://registry.npmjs.org/is-in-browser/-/is-in-browser-1.1.3.tgz",
			"integrity": "sha1-Vv9NtoOgeMYILrldrX3GLh0E+DU="
		},
		"node_modules/is-plain-object": {
			"version": "2.0.4",
			"resolved": "https://registry.npmjs.org/is-plain-object/-/is-plain-object-2.0.4.tgz",
			"integrity": "sha512-h5PpgXkWitc38BBMYawTYMWJHFZJVnBquFE57xFpjB8pJFiF6gZ+bU+WyI/yqXiFR5mdLsgYNaPe8uao6Uv9Og==",
			"dependencies": {
				"isobject": "^3.0.1"
			},
			"engines": {
				"node": ">=0.10.0"
			}
		},
		"node_modules/is-window": {
			"version": "1.0.2",
			"resolved": "https://registry.npmjs.org/is-window/-/is-window-1.0.2.tgz",
			"integrity": "sha1-LIlspT25feRdPDMTOmXYyfVjSA0="
		},
		"node_modules/isobject": {
			"version": "3.0.1",
			"resolved": "https://registry.npmjs.org/isobject/-/isobject-3.0.1.tgz",
			"integrity": "sha1-TkMekrEalzFjaqH5yNHMvP2reN8=",
			"engines": {
				"node": ">=0.10.0"
			}
		},
		"node_modules/isomorphic-base64": {
			"version": "1.0.2",
			"resolved": "https://registry.npmjs.org/isomorphic-base64/-/isomorphic-base64-1.0.2.tgz",
			"integrity": "sha1-9Caq6CVpuopOxcpzrSGkSrHueAM="
		},
		"node_modules/js-tokens": {
			"version": "4.0.0",
			"resolved": "https://registry.npmjs.org/js-tokens/-/js-tokens-4.0.0.tgz",
			"integrity": "sha512-RdJUflcE3cUzKiMqQgsCu06FPu9UdIJO0beYbPhHN4k6apgJtifcoCtT9bcxOpYBtpD2kCM6Sbzg4CausW/PKQ=="
		},
		"node_modules/linkify-it": {
			"version": "2.2.0",
			"resolved": "https://registry.npmjs.org/linkify-it/-/linkify-it-2.2.0.tgz",
			"integrity": "sha512-GnAl/knGn+i1U/wjBz3akz2stz+HrHLsxMwHQGofCDfPvlf+gDKN58UtfmUquTY4/MXeE2x7k19KQmeoZi94Iw==",
			"dependencies": {
				"uc.micro": "^1.0.1"
			}
		},
		"node_modules/lodash": {
			"version": "4.17.21",
			"resolved": "https://registry.npmjs.org/lodash/-/lodash-4.17.21.tgz",
			"integrity": "sha512-v2kDEe57lecTulaDIuNTPy3Ry4gLGJ6Z1O3vE1krgXZNrsQ+LFTGHVxVjcXPs17LhbZVGedAJv8XZ1tvj5FvSg=="
		},
		"node_modules/loose-envify": {
			"version": "1.4.0",
			"resolved": "https://registry.npmjs.org/loose-envify/-/loose-envify-1.4.0.tgz",
			"integrity": "sha512-lyuxPGr/Wfhrlem2CL/UcnUc1zcqKAImBDzukY7Y5F/yQiNdko6+fRLevlw1HgMySw7f611UIY408EtxRSoK3Q==",
			"dependencies": {
				"js-tokens": "^3.0.0 || ^4.0.0"
			},
			"bin": {
				"loose-envify": "cli.js"
			}
		},
		"node_modules/markdown-it": {
			"version": "8.4.2",
			"resolved": "https://registry.npmjs.org/markdown-it/-/markdown-it-8.4.2.tgz",
			"integrity": "sha512-GcRz3AWTqSUphY3vsUqQSFMbgR38a4Lh3GWlHRh/7MRwz8mcu9n2IO7HOh+bXHrR9kOPDl5RNCaEsrneb+xhHQ==",
			"dependencies": {
				"argparse": "^1.0.7",
				"entities": "~1.1.1",
				"linkify-it": "^2.0.0",
				"mdurl": "^1.0.1",
				"uc.micro": "^1.0.5"
			},
			"bin": {
				"markdown-it": "bin/markdown-it.js"
			}
		},
		"node_modules/mdurl": {
			"version": "1.0.1",
			"resolved": "https://registry.npmjs.org/mdurl/-/mdurl-1.0.1.tgz",
			"integrity": "sha1-/oWy7HWlkDfyrf7BAP1sYBdhFS4="
		},
		"node_modules/memoize-one": {
			"version": "4.0.3",
			"resolved": "https://registry.npmjs.org/memoize-one/-/memoize-one-4.0.3.tgz",
			"integrity": "sha512-QmpUu4KqDmX0plH4u+tf0riMc1KHE1+lw95cMrLlXQAFOx/xnBtwhZ52XJxd9X2O6kwKBqX32kmhbhlobD0cuw=="
		},
		"node_modules/ms": {
			"version": "2.1.2",
			"resolved": "https://registry.npmjs.org/ms/-/ms-2.1.2.tgz",
			"integrity": "sha512-sGkPx+VjMtmA6MX27oA4FBFELFCZZ4S4XqeGOXCv68tT+jb3vk/RyaKWP0PTKyWtmLSM0b+adUTEvbs1PEaH2w=="
		},
		"node_modules/object-assign": {
			"version": "4.1.1",
			"resolved": "https://registry.npmjs.org/object-assign/-/object-assign-4.1.1.tgz",
			"integrity": "sha1-IQmtx5ZYh8/AXLvUQsrIv7s2CGM=",
			"engines": {
				"node": ">=0.10.0"
			}
		},
		"node_modules/prop-types": {
			"version": "15.7.2",
			"resolved": "https://registry.npmjs.org/prop-types/-/prop-types-15.7.2.tgz",
			"integrity": "sha512-8QQikdH7//R2vurIJSutZ1smHYTcLpRWEOlHnzcWHmBYrOGUysKwSsrC89BCiFj3CbrfJ/nXFdJepOVrY1GCHQ==",
			"dependencies": {
				"loose-envify": "^1.4.0",
				"object-assign": "^4.1.1",
				"react-is": "^16.8.1"
			}
		},
		"node_modules/punycode": {
			"version": "2.1.1",
			"resolved": "https://registry.npmjs.org/punycode/-/punycode-2.1.1.tgz",
			"integrity": "sha512-XRsRjdf+j5ml+y/6GKHPZbrF/8p2Yga0JPtdqTIY2Xe5ohJPD9saDJJLPvp9+NSBprVvevdXZybnj2cv8OEd0A==",
			"engines": {
				"node": ">=6"
			}
		},
		"node_modules/react": {
			"version": "17.0.2",
			"resolved": "https://registry.npmjs.org/react/-/react-17.0.2.tgz",
			"integrity": "sha512-gnhPt75i/dq/z3/6q/0asP78D0u592D5L1pd7M8P+dck6Fu/jJeL6iVVK23fptSUZj8Vjf++7wXA8UNclGQcbA==",
			"dependencies": {
				"loose-envify": "^1.1.0",
				"object-assign": "^4.1.1"
			},
			"engines": {
				"node": ">=0.10.0"
			}
		},
		"node_modules/react-dom": {
			"version": "17.0.2",
			"resolved": "https://registry.npmjs.org/react-dom/-/react-dom-17.0.2.tgz",
			"integrity": "sha512-s4h96KtLDUQlsENhMn1ar8t2bEa+q/YAtj8pPPdIjPDGBDIVNsrD9aXNWqspUe6AzKCIG0C1HZZLqLV7qpOBGA==",
			"dependencies": {
				"loose-envify": "^1.1.0",
				"object-assign": "^4.1.1",
				"scheduler": "^0.20.2"
			},
			"peerDependencies": {
				"react": "17.0.2"
			}
		},
		"node_modules/react-immutable-proptypes": {
			"version": "2.2.0",
			"resolved": "https://registry.npmjs.org/react-immutable-proptypes/-/react-immutable-proptypes-2.2.0.tgz",
			"integrity": "sha512-Vf4gBsePlwdGvSZoLSBfd4HAP93HDauMY4fDjXhreg/vg6F3Fj/MXDNyTbltPC/xZKmZc+cjLu3598DdYK6sgQ==",
			"dependencies": {
				"invariant": "^2.2.2"
			},
			"peerDependencies": {
				"immutable": ">=3.6.2"
			}
		},
		"node_modules/react-is": {
			"version": "16.13.1",
			"resolved": "https://registry.npmjs.org/react-is/-/react-is-16.13.1.tgz",
			"integrity": "sha512-24e6ynE2H+OKt4kqsOvNd8kBpV65zoxbA4BVsEOB3ARVWQki/DHzaUoC5KuON/BiccDaCCTZBuOcfZs70kR8bQ=="
		},
		"node_modules/scheduler": {
			"version": "0.20.2",
			"resolved": "https://registry.npmjs.org/scheduler/-/scheduler-0.20.2.tgz",
			"integrity": "sha512-2eWfGgAqqWFGqtdMmcL5zCMK1U8KlXv8SQFGglL3CEtd0aDVDWgeF/YoCmvln55m5zSk3J/20hTaSBeSObsQDQ==",
			"dependencies": {
				"loose-envify": "^1.1.0",
				"object-assign": "^4.1.1"
			}
		},
		"node_modules/selection-is-backward": {
			"version": "1.0.0",
			"resolved": "https://registry.npmjs.org/selection-is-backward/-/selection-is-backward-1.0.0.tgz",
			"integrity": "sha1-l6VGMxiKURq6ZBn8XB+pG0Z+a+E="
		},
		"node_modules/slate": {
			"version": "0.47.9",
			"resolved": "https://registry.npmjs.org/slate/-/slate-0.47.9.tgz",
			"integrity": "sha512-EK4O6b7lGt+g5H9PGw9O5KCM4RrOvOgE9mPi3rzQ0zDRlgAb2ga4TdpS6XNQbrsJWsc8I1fjaSsUeCqCUhhi9A==",
			"dependencies": {
				"debug": "^3.1.0",
				"direction": "^0.1.5",
				"esrever": "^0.2.0",
				"is-plain-object": "^2.0.4",
				"lodash": "^4.17.4",
				"tiny-invariant": "^1.0.1",
				"tiny-warning": "^0.0.3",
				"type-of": "^2.0.1"
			},
			"peerDependencies": {
				"immutable": ">=3.8.1 || >4.0.0-rc"
			}
		},
		"node_modules/slate-base64-serializer": {
			"version": "0.2.115",
			"resolved": "https://registry.npmjs.org/slate-base64-serializer/-/slate-base64-serializer-0.2.115.tgz",
			"integrity": "sha512-GnLV7bUW/UQ5j7rVIxCU5zdB6NOVsEU6YWsCp68dndIjSGTGLaQv2+WwV3NcnrGGZEYe5qgo33j2QWrPws2C1A==",
			"dependencies": {
				"isomorphic-base64": "^1.0.2"
			},
			"peerDependencies": {
				"slate": ">=0.32.0 <0.50.0"
			}
		},
		"node_modules/slate-dev-environment": {
			"version": "0.2.5",
			"resolved": "https://registry.npmjs.org/slate-dev-environment/-/slate-dev-environment-0.2.5.tgz",
			"integrity": "sha512-oLD8Fclv/RqrDv6RYfN2CRzNcRXsUB99Qgcw5L/njTjxAdDPguV6edQ3DgUG9Q2pLFLhI15DwsKClzVfFzfwGQ==",
			"dependencies": {
				"is-in-browser": "^1.1.3"
			}
		},
		"node_modules/slate-hotkeys": {
			"version": "0.2.11",
			"resolved": "https://registry.npmjs.org/slate-hotkeys/-/slate-hotkeys-0.2.11.tgz",
			"integrity": "sha512-xhq/TlI74dRbO57O4ulGsvCcV4eaQ5nEEz9noZjeNLtNzFRd6lSgExRqAJqKGGIeJw+FnJ3OcqGvdb5CEc9/Ew==",
			"dependencies": {
				"is-hotkey": "0.1.4",
				"slate-dev-environment": "^0.2.2"
			}
		},
		"node_modules/slate-plain-serializer": {
			"version": "0.7.13",
			"resolved": "https://registry.npmjs.org/slate-plain-serializer/-/slate-plain-serializer-0.7.13.tgz",
			"integrity": "sha512-TtrlaslxQBEMV0LYdf3s7VAbTxRPe1xaW10WNNGAzGA855/0RhkaHjKkQiRjHv5rvbRleVf7Nxr9fH+4uErfxQ==",
			"peerDependencies": {
				"immutable": ">=3.8.1",
				"slate": ">=0.46.0 <0.50.0"
			}
		},
		"node_modules/slate-prop-types": {
			"version": "0.5.44",
			"resolved": "https://registry.npmjs.org/slate-prop-types/-/slate-prop-types-0.5.44.tgz",
			"integrity": "sha512-JS0iW7uaciE/W3ADuzeN1HOnSjncQhHPXJ65nZNQzB0DF7mXVmbwQKI6cmCo/xKni7XRJT0JbWSpXFhEdPiBUA==",
			"peerDependencies": {
				"immutable": ">=3.8.1",
				"slate": ">=0.32.0 <0.50.0"
			}
		},
		"node_modules/slate-react": {
			"version": "0.22.10",
			"resolved": "https://registry.npmjs.org/slate-react/-/slate-react-0.22.10.tgz",
			"integrity": "sha512-B2Ms1u/REbdd8yKkOItKgrw/tX8klgz5l5x6PP86+oh/yqmB6EHe0QyrYlQ9fc3WBlJUVTOL+nyAP1KmlKj2/w==",
			"dependencies": {
				"debug": "^3.1.0",
				"get-window": "^1.1.1",
				"is-window": "^1.0.2",
				"lodash": "^4.1.1",
				"memoize-one": "^4.0.0",
				"prop-types": "^15.5.8",
				"react-immutable-proptypes": "^2.1.0",
				"selection-is-backward": "^1.0.0",
				"slate-base64-serializer": "^0.2.112",
				"slate-dev-environment": "^0.2.2",
				"slate-hotkeys": "^0.2.9",
				"slate-plain-serializer": "^0.7.11",
				"slate-prop-types": "^0.5.42",
				"slate-react-placeholder": "^0.2.9",
				"tiny-invariant": "^1.0.1",
				"tiny-warning": "^0.0.3"
			},
			"peerDependencies": {
				"immutable": ">=3.8.1 || >4.0.0-rc",
				"react": ">=16.6.0",
				"react-dom": ">=16.6.0",
				"slate": ">=0.47.0"
			}
		},
		"node_modules/slate-react-placeholder": {
			"version": "0.2.9",
			"resolved": "https://registry.npmjs.org/slate-react-placeholder/-/slate-react-placeholder-0.2.9.tgz",
			"integrity": "sha512-YSJ9Gb4tGpbzPje3eNKtu26hWM8ApxTk9RzjK+6zfD5V/RMTkuWONk24y6c9lZk0OAYNZNUmrnb/QZfU3j9nag==",
			"peerDependencies": {
				"react": ">=16.0.0",
				"slate": ">=0.47.0",
				"slate-react": ">=0.22.0"
			}
		},
		"node_modules/slate-react/node_modules/debug": {
			"version": "3.2.7",
			"resolved": "https://registry.npmjs.org/debug/-/debug-3.2.7.tgz",
			"integrity": "sha512-CFjzYYAi4ThfiQvizrFQevTTXHtnCqWfe7x1AhgEscTz6ZbLbfoLRLPugTQyBth6f8ZERVUSyWHFD/7Wu4t1XQ==",
			"dependencies": {
				"ms": "^2.1.1"
			}
		},
		"node_modules/slate/node_modules/debug": {
			"version": "3.2.7",
			"resolved": "https://registry.npmjs.org/debug/-/debug-3.2.7.tgz",
			"integrity": "sha512-CFjzYYAi4ThfiQvizrFQevTTXHtnCqWfe7x1AhgEscTz6ZbLbfoLRLPugTQyBth6f8ZERVUSyWHFD/7Wu4t1XQ==",
			"dependencies": {
				"ms": "^2.1.1"
			}
		},
		"node_modules/sprintf-js": {
			"version": "1.0.3",
			"resolved": "https://registry.npmjs.org/sprintf-js/-/sprintf-js-1.0.3.tgz",
			"integrity": "sha1-BOaSb2YolTVPPdAVIDYzuFcpfiw="
		},
		"node_modules/tiny-invariant": {
			"version": "1.1.0",
			"resolved": "https://registry.npmjs.org/tiny-invariant/-/tiny-invariant-1.1.0.tgz",
			"integrity": "sha512-ytxQvrb1cPc9WBEI/HSeYYoGD0kWnGEOR8RY6KomWLBVhqz0RgTwVO9dLrGz7dC+nN9llyI7OKAgRq8Vq4ZBSw=="
		},
		"node_modules/tiny-warning": {
			"version": "0.0.3",
			"resolved": "https://registry.npmjs.org/tiny-warning/-/tiny-warning-0.0.3.tgz",
			"integrity": "sha512-r0SSA5Y5IWERF9Xh++tFPx0jITBgGggOsRLDWWew6YRw/C2dr4uNO1fw1vanrBmHsICmPyMLNBZboTlxUmUuaA=="
		},
		"node_modules/type-of": {
			"version": "2.0.1",
			"resolved": "https://registry.npmjs.org/type-of/-/type-of-2.0.1.tgz",
			"integrity": "sha1-5yoXQYllaOn2KDeNgW1pEvfyOXI="
		},
		"node_modules/typescript": {
			"version": "4.3.5",
			"resolved": "https://registry.npmjs.org/typescript/-/typescript-4.3.5.tgz",
			"integrity": "sha512-DqQgihaQ9cUrskJo9kIyW/+g0Vxsk8cDtZ52a3NGh0YNTfpUSArXSohyUGnvbPazEPLu398C0UxmKSOrPumUzA==",
			"dev": true,
			"bin": {
				"tsc": "bin/tsc",
				"tsserver": "bin/tsserver"
			},
			"engines": {
				"node": ">=4.2.0"
			}
		},
		"node_modules/uc.micro": {
			"version": "1.0.6",
			"resolved": "https://registry.npmjs.org/uc.micro/-/uc.micro-1.0.6.tgz",
			"integrity": "sha512-8Y75pvTYkLJW2hWQHXxoqRgV7qb9B+9vFEtidML+7koHUFapnVJAZ6cKs+Qjz5Aw3aZWHMC6u0wJE3At+nSGwA=="
		}
	},
	"dependencies": {
		"argparse": {
			"version": "1.0.10",
			"resolved": "https://registry.npmjs.org/argparse/-/argparse-1.0.10.tgz",
			"integrity": "sha512-o5Roy6tNG4SL/FOkCAN6RzjiakZS25RLYFrcMttJqbdd8BWrnA+fGz57iN5Pb06pvBGvl5gQ0B48dJlslXvoTg==",
			"requires": {
				"sprintf-js": "~1.0.2"
			}
		},
		"direction": {
			"version": "0.1.5",
			"resolved": "https://registry.npmjs.org/direction/-/direction-0.1.5.tgz",
			"integrity": "sha1-zl15f5fib4vnvv9T99xA4cGp7Ew="
		},
		"entities": {
			"version": "1.1.2",
			"resolved": "https://registry.npmjs.org/entities/-/entities-1.1.2.tgz",
			"integrity": "sha512-f2LZMYl1Fzu7YSBKg+RoROelpOaNrcGmE9AZubeDfrCEia483oW4MI4VyFd5VNHIgQ/7qm1I0wUHK1eJnn2y2w=="
		},
		"esbuild": {
			"version": "0.12.19",
			"resolved": "https://registry.npmjs.org/esbuild/-/esbuild-0.12.19.tgz",
			"integrity": "sha512-5NuT1G6THW7l3fsSCDkcPepn24R0XtyPjKoqKHD8LfhqMXzCdz0mrS9HgO6hIhzVT7zt0T+JGbzCqF5AH8hS9w==",
			"dev": true
		},
		"esrever": {
			"version": "0.2.0",
			"resolved": "https://registry.npmjs.org/esrever/-/esrever-0.2.0.tgz",
			"integrity": "sha1-lunSj08bGnZ4TNXUkOquAQ50B7g="
		},
		"get-document": {
			"version": "1.0.0",
			"resolved": "https://registry.npmjs.org/get-document/-/get-document-1.0.0.tgz",
			"integrity": "sha1-SCG85m8cJMsDMWAr5strEsTwHEs="
		},
		"get-window": {
			"version": "1.1.2",
			"resolved": "https://registry.npmjs.org/get-window/-/get-window-1.1.2.tgz",
			"integrity": "sha512-yjWpFcy9fjhLQHW1dPtg9ga4pmizLY8y4ZSHdGrAQ1NU277MRhnGnnLPxe19X8W5lWVsCZz++5xEuNozWMVmTw==",
			"requires": {
				"get-document": "1"
			}
		},
		"immutable": {
			"version": "3.8.2",
			"resolved": "https://registry.npmjs.org/immutable/-/immutable-3.8.2.tgz",
			"integrity": "sha1-wkOZUUVbs5kT2vKBN28VMOEErfM="
		},
		"invariant": {
			"version": "2.2.4",
			"resolved": "https://registry.npmjs.org/invariant/-/invariant-2.2.4.tgz",
			"integrity": "sha512-phJfQVBuaJM5raOpJjSfkiD6BpbCE4Ns//LaXl6wGYtUBY83nWS6Rf9tXm2e8VaK60JEjYldbPif/A2B1C2gNA==",
			"requires": {
				"loose-envify": "^1.0.0"
			}
		},
		"is-hotkey": {
			"version": "0.1.4",
			"resolved": "https://registry.npmjs.org/is-hotkey/-/is-hotkey-0.1.4.tgz",
			"integrity": "sha512-Py+aW4r5mBBY18TGzGz286/gKS+fCQ0Hee3qkaiSmEPiD0PqFpe0wuA3l7rTOUKyeXl8Mxf3XzJxIoTlSv+kxA=="
		},
		"is-in-browser": {
			"version": "1.1.3",
			"resolved": "https://registry.npmjs.org/is-in-browser/-/is-in-browser-1.1.3.tgz",
			"integrity": "sha1-Vv9NtoOgeMYILrldrX3GLh0E+DU="
		},
		"is-plain-object": {
			"version": "2.0.4",
			"resolved": "https://registry.npmjs.org/is-plain-object/-/is-plain-object-2.0.4.tgz",
			"integrity": "sha512-h5PpgXkWitc38BBMYawTYMWJHFZJVnBquFE57xFpjB8pJFiF6gZ+bU+WyI/yqXiFR5mdLsgYNaPe8uao6Uv9Og==",
			"requires": {
				"isobject": "^3.0.1"
			}
		},
		"is-window": {
			"version": "1.0.2",
			"resolved": "https://registry.npmjs.org/is-window/-/is-window-1.0.2.tgz",
			"integrity": "sha1-LIlspT25feRdPDMTOmXYyfVjSA0="
		},
		"isobject": {
			"version": "3.0.1",
			"resolved": "https://registry.npmjs.org/isobject/-/isobject-3.0.1.tgz",
			"integrity": "sha1-TkMekrEalzFjaqH5yNHMvP2reN8="
		},
		"isomorphic-base64": {
			"version": "1.0.2",
			"resolved": "https://registry.npmjs.org/isomorphic-base64/-/isomorphic-base64-1.0.2.tgz",
			"integrity": "sha1-9Caq6CVpuopOxcpzrSGkSrHueAM="
		},
		"js-tokens": {
			"version": "4.0.0",
			"resolved": "https://registry.npmjs.org/js-tokens/-/js-tokens-4.0.0.tgz",
			"integrity": "sha512-RdJUflcE3cUzKiMqQgsCu06FPu9UdIJO0beYbPhHN4k6apgJtifcoCtT9bcxOpYBtpD2kCM6Sbzg4CausW/PKQ=="
		},
		"linkify-it": {
			"version": "2.2.0",
			"resolved": "https://registry.npmjs.org/linkify-it/-/linkify-it-2.2.0.tgz",
			"integrity": "sha512-GnAl/knGn+i1U/wjBz3akz2stz+HrHLsxMwHQGofCDfPvlf+gDKN58UtfmUquTY4/MXeE2x7k19KQmeoZi94Iw==",
			"requires": {
				"uc.micro": "^1.0.1"
			}
		},
		"lodash": {
			"version": "4.17.21",
			"resolved": "https://registry.npmjs.org/lodash/-/lodash-4.17.21.tgz",
			"integrity": "sha512-v2kDEe57lecTulaDIuNTPy3Ry4gLGJ6Z1O3vE1krgXZNrsQ+LFTGHVxVjcXPs17LhbZVGedAJv8XZ1tvj5FvSg=="
		},
		"loose-envify": {
			"version": "1.4.0",
			"resolved": "https://registry.npmjs.org/loose-envify/-/loose-envify-1.4.0.tgz",
			"integrity": "sha512-lyuxPGr/Wfhrlem2CL/UcnUc1zcqKAImBDzukY7Y5F/yQiNdko6+fRLevlw1HgMySw7f611UIY408EtxRSoK3Q==",
			"requires": {
				"js-tokens": "^3.0.0 || ^4.0.0"
			}
		},
		"markdown-it": {
			"version": "8.4.2",
			"resolved": "https://registry.npmjs.org/markdown-it/-/markdown-it-8.4.2.tgz",
			"integrity": "sha512-GcRz3AWTqSUphY3vsUqQSFMbgR38a4Lh3GWlHRh/7MRwz8mcu9n2IO7HOh+bXHrR9kOPDl5RNCaEsrneb+xhHQ==",
			"requires": {
				"argparse": "^1.0.7",
				"entities": "~1.1.1",
				"linkify-it": "^2.0.0",
				"mdurl": "^1.0.1",
				"uc.micro": "^1.0.5"
			}
		},
		"mdurl": {
			"version": "1.0.1",
			"resolved": "https://registry.npmjs.org/mdurl/-/mdurl-1.0.1.tgz",
			"integrity": "sha1-/oWy7HWlkDfyrf7BAP1sYBdhFS4="
		},
		"memoize-one": {
			"version": "4.0.3",
			"resolved": "https://registry.npmjs.org/memoize-one/-/memoize-one-4.0.3.tgz",
			"integrity": "sha512-QmpUu4KqDmX0plH4u+tf0riMc1KHE1+lw95cMrLlXQAFOx/xnBtwhZ52XJxd9X2O6kwKBqX32kmhbhlobD0cuw=="
		},
		"ms": {
			"version": "2.1.2",
			"resolved": "https://registry.npmjs.org/ms/-/ms-2.1.2.tgz",
			"integrity": "sha512-sGkPx+VjMtmA6MX27oA4FBFELFCZZ4S4XqeGOXCv68tT+jb3vk/RyaKWP0PTKyWtmLSM0b+adUTEvbs1PEaH2w=="
		},
		"object-assign": {
			"version": "4.1.1",
			"resolved": "https://registry.npmjs.org/object-assign/-/object-assign-4.1.1.tgz",
			"integrity": "sha1-IQmtx5ZYh8/AXLvUQsrIv7s2CGM="
		},
		"prop-types": {
			"version": "15.7.2",
			"resolved": "https://registry.npmjs.org/prop-types/-/prop-types-15.7.2.tgz",
			"integrity": "sha512-8QQikdH7//R2vurIJSutZ1smHYTcLpRWEOlHnzcWHmBYrOGUysKwSsrC89BCiFj3CbrfJ/nXFdJepOVrY1GCHQ==",
			"requires": {
				"loose-envify": "^1.4.0",
				"object-assign": "^4.1.1",
				"react-is": "^16.8.1"
			}
		},
		"punycode": {
			"version": "2.1.1",
			"resolved": "https://registry.npmjs.org/punycode/-/punycode-2.1.1.tgz",
			"integrity": "sha512-XRsRjdf+j5ml+y/6GKHPZbrF/8p2Yga0JPtdqTIY2Xe5ohJPD9saDJJLPvp9+NSBprVvevdXZybnj2cv8OEd0A=="
		},
		"react": {
			"version": "17.0.2",
			"resolved": "https://registry.npmjs.org/react/-/react-17.0.2.tgz",
			"integrity": "sha512-gnhPt75i/dq/z3/6q/0asP78D0u592D5L1pd7M8P+dck6Fu/jJeL6iVVK23fptSUZj8Vjf++7wXA8UNclGQcbA==",
			"requires": {
				"loose-envify": "^1.1.0",
				"object-assign": "^4.1.1"
			}
		},
		"react-dom": {
			"version": "17.0.2",
			"resolved": "https://registry.npmjs.org/react-dom/-/react-dom-17.0.2.tgz",
			"integrity": "sha512-s4h96KtLDUQlsENhMn1ar8t2bEa+q/YAtj8pPPdIjPDGBDIVNsrD9aXNWqspUe6AzKCIG0C1HZZLqLV7qpOBGA==",
			"requires": {
				"loose-envify": "^1.1.0",
				"object-assign": "^4.1.1",
				"scheduler": "^0.20.2"
			}
		},
		"react-immutable-proptypes": {
			"version": "2.2.0",
			"resolved": "https://registry.npmjs.org/react-immutable-proptypes/-/react-immutable-proptypes-2.2.0.tgz",
			"integrity": "sha512-Vf4gBsePlwdGvSZoLSBfd4HAP93HDauMY4fDjXhreg/vg6F3Fj/MXDNyTbltPC/xZKmZc+cjLu3598DdYK6sgQ==",
			"requires": {
				"invariant": "^2.2.2"
			}
		},
		"react-is": {
			"version": "16.13.1",
			"resolved": "https://registry.npmjs.org/react-is/-/react-is-16.13.1.tgz",
			"integrity": "sha512-24e6ynE2H+OKt4kqsOvNd8kBpV65zoxbA4BVsEOB3ARVWQki/DHzaUoC5KuON/BiccDaCCTZBuOcfZs70kR8bQ=="
		},
		"scheduler": {
			"version": "0.20.2",
			"resolved": "https://registry.npmjs.org/scheduler/-/scheduler-0.20.2.tgz",
			"integrity": "sha512-2eWfGgAqqWFGqtdMmcL5zCMK1U8KlXv8SQFGglL3CEtd0aDVDWgeF/YoCmvln55m5zSk3J/20hTaSBeSObsQDQ==",
			"requires": {
				"loose-envify": "^1.1.0",
				"object-assign": "^4.1.1"
			}
		},
		"selection-is-backward": {
			"version": "1.0.0",
			"resolved": "https://registry.npmjs.org/selection-is-backward/-/selection-is-backward-1.0.0.tgz",
			"integrity": "sha1-l6VGMxiKURq6ZBn8XB+pG0Z+a+E="
		},
		"slate": {
			"version": "0.47.9",
			"resolved": "https://registry.npmjs.org/slate/-/slate-0.47.9.tgz",
			"integrity": "sha512-EK4O6b7lGt+g5H9PGw9O5KCM4RrOvOgE9mPi3rzQ0zDRlgAb2ga4TdpS6XNQbrsJWsc8I1fjaSsUeCqCUhhi9A==",
			"requires": {
				"debug": "^3.1.0",
				"direction": "^0.1.5",
				"esrever": "^0.2.0",
				"is-plain-object": "^2.0.4",
				"lodash": "^4.17.4",
				"tiny-invariant": "^1.0.1",
				"tiny-warning": "^0.0.3",
				"type-of": "^2.0.1"
			},
			"dependencies": {
				"debug": {
					"version": "3.2.7",
					"resolved": "https://registry.npmjs.org/debug/-/debug-3.2.7.tgz",
					"integrity": "sha512-CFjzYYAi4ThfiQvizrFQevTTXHtnCqWfe7x1AhgEscTz6ZbLbfoLRLPugTQyBth6f8ZERVUSyWHFD/7Wu4t1XQ==",
					"requires": {
						"ms": "^2.1.1"
					}
				}
			}
		},
		"slate-base64-serializer": {
			"version": "0.2.115",
			"resolved": "https://registry.npmjs.org/slate-base64-serializer/-/slate-base64-serializer-0.2.115.tgz",
			"integrity": "sha512-GnLV7bUW/UQ5j7rVIxCU5zdB6NOVsEU6YWsCp68dndIjSGTGLaQv2+WwV3NcnrGGZEYe5qgo33j2QWrPws2C1A==",
			"requires": {
				"isomorphic-base64": "^1.0.2"
			}
		},
		"slate-dev-environment": {
			"version": "0.2.5",
			"resolved": "https://registry.npmjs.org/slate-dev-environment/-/slate-dev-environment-0.2.5.tgz",
			"integrity": "sha512-oLD8Fclv/RqrDv6RYfN2CRzNcRXsUB99Qgcw5L/njTjxAdDPguV6edQ3DgUG9Q2pLFLhI15DwsKClzVfFzfwGQ==",
			"requires": {
				"is-in-browser": "^1.1.3"
			}
		},
		"slate-hotkeys": {
			"version": "0.2.11",
			"resolved": "https://registry.npmjs.org/slate-hotkeys/-/slate-hotkeys-0.2.11.tgz",
			"integrity": "sha512-xhq/TlI74dRbO57O4ulGsvCcV4eaQ5nEEz9noZjeNLtNzFRd6lSgExRqAJqKGGIeJw+FnJ3OcqGvdb5CEc9/Ew==",
			"requires": {
				"is-hotkey": "0.1.4",
				"slate-dev-environment": "^0.2.2"
			}
		},
		"slate-plain-serializer": {
			"version": "0.7.13",
			"resolved": "https://registry.npmjs.org/slate-plain-serializer/-/slate-plain-serializer-0.7.13.tgz",
			"integrity": "sha512-TtrlaslxQBEMV0LYdf3s7VAbTxRPe1xaW10WNNGAzGA855/0RhkaHjKkQiRjHv5rvbRleVf7Nxr9fH+4uErfxQ==",
			"requires": {}
		},
		"slate-prop-types": {
			"version": "0.5.44",
			"resolved": "https://registry.npmjs.org/slate-prop-types/-/slate-prop-types-0.5.44.tgz",
			"integrity": "sha512-JS0iW7uaciE/W3ADuzeN1HOnSjncQhHPXJ65nZNQzB0DF7mXVmbwQKI6cmCo/xKni7XRJT0JbWSpXFhEdPiBUA==",
			"requires": {}
		},
		"slate-react": {
			"version": "0.22.10",
			"resolved": "https://registry.npmjs.org/slate-react/-/slate-react-0.22.10.tgz",
			"integrity": "sha512-B2Ms1u/REbdd8yKkOItKgrw/tX8klgz5l5x6PP86+oh/yqmB6EHe0QyrYlQ9fc3WBlJUVTOL+nyAP1KmlKj2/w==",
			"requires": {
				"debug": "^3.1.0",
				"get-window": "^1.1.1",
				"is-window": "^1.0.2",
				"lodash": "^4.1.1",
				"memoize-one": "^4.0.0",
				"prop-types": "^15.5.8",
				"react-immutable-proptypes": "^2.1.0",
				"selection-is-backward": "^1.0.0",
				"slate-base64-serializer": "^0.2.112",
				"slate-dev-environment": "^0.2.2",
				"slate-hotkeys": "^0.2.9",
				"slate-plain-serializer": "^0.7.11",
				"slate-prop-types": "^0.5.42",
				"slate-react-placeholder": "^0.2.9",
				"tiny-invariant": "^1.0.1",
				"tiny-warning": "^0.0.3"
			},
			"dependencies": {
				"debug": {
					"version": "3.2.7",
					"resolved": "https://registry.npmjs.org/debug/-/debug-3.2.7.tgz",
					"integrity": "sha512-CFjzYYAi4ThfiQvizrFQevTTXHtnCqWfe7x1AhgEscTz6ZbLbfoLRLPugTQyBth6f8ZERVUSyWHFD/7Wu4t1XQ==",
					"requires": {
						"ms": "^2.1.1"
					}
				}
			}
		},
		"slate-react-placeholder": {
			"version": "0.2.9",
			"resolved": "https://registry.npmjs.org/slate-react-placeholder/-/slate-react-placeholder-0.2.9.tgz",
			"integrity": "sha512-YSJ9Gb4tGpbzPje3eNKtu26hWM8ApxTk9RzjK+6zfD5V/RMTkuWONk24y6c9lZk0OAYNZNUmrnb/QZfU3j9nag==",
			"requires": {}
		},
		"sprintf-js": {
			"version": "1.0.3",
			"resolved": "https://registry.npmjs.org/sprintf-js/-/sprintf-js-1.0.3.tgz",
			"integrity": "sha1-BOaSb2YolTVPPdAVIDYzuFcpfiw="
		},
		"tiny-invariant": {
			"version": "1.1.0",
			"resolved": "https://registry.npmjs.org/tiny-invariant/-/tiny-invariant-1.1.0.tgz",
			"integrity": "sha512-ytxQvrb1cPc9WBEI/HSeYYoGD0kWnGEOR8RY6KomWLBVhqz0RgTwVO9dLrGz7dC+nN9llyI7OKAgRq8Vq4ZBSw=="
		},
		"tiny-warning": {
			"version": "0.0.3",
			"resolved": "https://registry.npmjs.org/tiny-warning/-/tiny-warning-0.0.3.tgz",
			"integrity": "sha512-r0SSA5Y5IWERF9Xh++tFPx0jITBgGggOsRLDWWew6YRw/C2dr4uNO1fw1vanrBmHsICmPyMLNBZboTlxUmUuaA=="
		},
		"type-of": {
			"version": "2.0.1",
			"resolved": "https://registry.npmjs.org/type-of/-/type-of-2.0.1.tgz",
			"integrity": "sha1-5yoXQYllaOn2KDeNgW1pEvfyOXI="
		},
		"typescript": {
			"version": "4.3.5",
			"resolved": "https://registry.npmjs.org/typescript/-/typescript-4.3.5.tgz",
			"integrity": "sha512-DqQgihaQ9cUrskJo9kIyW/+g0Vxsk8cDtZ52a3NGh0YNTfpUSArXSohyUGnvbPazEPLu398C0UxmKSOrPumUzA==",
			"dev": true
		},
		"uc.micro": {
			"version": "1.0.6",
			"resolved": "https://registry.npmjs.org/uc.micro/-/uc.micro-1.0.6.tgz",
			"integrity": "sha512-8Y75pvTYkLJW2hWQHXxoqRgV7qb9B+9vFEtidML+7koHUFapnVJAZ6cKs+Qjz5Aw3aZWHMC6u0wJE3At+nSGwA=="
		}
	}
}
